
Microsoft Visual Studio Solution File, Format Version 12.00
# Visual Studio Version 16
VisualStudioVersion = 16.0.31829.152
MinimumVisualStudioVersion = 10.0.40219.1
Project("{9A19103F-16F7-4668-BE54-9A1E7A4F7556}") = "DataAccess", "DataAccess\DataAccess.csproj", "{9D7751DC-C382-4AFB-820B-DC1727F1B404}"
EndProject
Project("{9A19103F-16F7-4668-BE54-9A1E7A4F7556}") = "Business", "Business\Business.csproj", "{3362C30A-2BC9-4100-AF23-51356284F5C5}"
EndProject
Project("{9A19103F-16F7-4668-BE54-9A1E7A4F7556}") = "Entities", "Entities\Entities.csproj", "{D5B6CD39-38B1-4621-80B1-0F1D7DCD69E3}"
EndProject
Project("{9A19103F-16F7-4668-BE54-9A1E7A4F7556}") = "ConsoleUI", "ConsoleUI\ConsoleUI.csproj", "{87088BCD-FB5C-46C6-BFC8-9F115240AB7A}"
EndProject
Project("{FAE04EC0-301F-11D3-BF4B-00C04F79EFBC}") = "Core", "Core\Core.csproj", "{5174331C-6067-408B-A34C-A4FDE7C9F626}"
EndProject
Global
	GlobalSection(SolutionConfigurationPlatforms) = preSolution
		Debug|Any CPU = Debug|Any CPU
		Release|Any CPU = Release|Any CPU
	EndGlobalSection
	GlobalSection(ProjectConfigurationPlatforms) = postSolution
		{9D7751DC-C382-4AFB-820B-DC1727F1B404}.Debug|Any CPU.ActiveCfg = Debug|Any CPU
		{9D7751DC-C382-4AFB-820B-DC1727F1B404}.Debug|Any CPU.Build.0 = Debug|Any CPU
		{9D7751DC-C382-4AFB-820B-DC1727F1B404}.Release|Any CPU.ActiveCfg = Release|Any CPU
		{9D7751DC-C382-4AFB-820B-DC1727F1B404}.Release|Any CPU.Build.0 = Release|Any CPU
		{3362C30A-2BC9-4100-AF23-51356284F5C5}.Debug|Any CPU.ActiveCfg = Debug|Any CPU
		{3362C30A-2BC9-4100-AF23-51356284F5C5}.Debug|Any CPU.Build.0 = Debug|Any CPU
		{3362C30A-2BC9-4100-AF23-51356284F5C5}.Release|Any CPU.ActiveCfg = Release|Any CPU
		{3362C30A-2BC9-4100-AF23-51356284F5C5}.Release|Any CPU.Build.0 = Release|Any CPU
		{D5B6CD39-38B1-4621-80B1-0F1D7DCD69E3}.Debug|Any CPU.ActiveCfg = Debug|Any CPU
		{D5B6CD39-38B1-4621-80B1-0F1D7DCD69E3}.Debug|Any CPU.Build.0 = Debug|Any CPU
		{D5B6CD39-38B1-4621-80B1-0F1D7DCD69E3}.Release|Any CPU.ActiveCfg = Release|Any CPU
		{D5B6CD39-38B1-4621-80B1-0F1D7DCD69E3}.Release|Any CPU.Build.0 = Release|Any CPU
		{87088BCD-FB5C-46C6-BFC8-9F115240AB7A}.Debug|Any CPU.ActiveCfg = Debug|Any CPU
		{87088BCD-FB5C-46C6-BFC8-9F115240AB7A}.Debug|Any CPU.Build.0 = Debug|Any CPU
		{87088BCD-FB5C-46C6-BFC8-9F115240AB7A}.Release|Any CPU.ActiveCfg = Release|Any CPU
		{87088BCD-FB5C-46C6-BFC8-9F115240AB7A}.Release|Any CPU.Build.0 = Release|Any CPU
		{5174331C-6067-408B-A34C-A4FDE7C9F626}.Debug|Any CPU.ActiveCfg = Debug|Any CPU
		{5174331C-6067-408B-A34C-A4FDE7C9F626}.Debug|Any CPU.Build.0 = Debug|Any CPU
		{5174331C-6067-408B-A34C-A4FDE7C9F626}.Release|Any CPU.ActiveCfg = Release|Any CPU
		{5174331C-6067-408B-A34C-A4FDE7C9F626}.Release|Any CPU.Build.0 = Release|Any CPU
	EndGlobalSection
	GlobalSection(SolutionProperties) = preSolution
		HideSolutionNode = FALSE
	EndGlobalSection
	GlobalSection(ExtensibilityGlobals) = postSolution
		SolutionGuid = {9752EB5E-0277-4883-BDFC-EA28F29C55CB}
	EndGlobalSection
EndGlobal
